// !$*UTF8*$!
{
	archiveVersion = 1;
	classes = {
	};
	objectVersion = 56;
	objects = {

/* Begin PBXBuildFile section */
		3872C0E42A5EC3A3002B9CFE /* AppDelegate.swift in Sources */ = {isa = PBXBuildFile; fileRef = 3872C0E32A5EC3A3002B9CFE /* AppDelegate.swift */; };
		3872C0E62A5EC3A3002B9CFE /* SceneDelegate.swift in Sources */ = {isa = PBXBuildFile; fileRef = 3872C0E52A5EC3A3002B9CFE /* SceneDelegate.swift */; };
		3872C0E82A5EC3A3002B9CFE /* ViewController.swift in Sources */ = {isa = PBXBuildFile; fileRef = 3872C0E72A5EC3A3002B9CFE /* ViewController.swift */; };
		3872C0EB2A5EC3A3002B9CFE /* Main.storyboard in Resources */ = {isa = PBXBuildFile; fileRef = 3872C0E92A5EC3A3002B9CFE /* Main.storyboard */; };
		3872C0ED2A5EC3A5002B9CFE /* Assets.xcassets in Resources */ = {isa = PBXBuildFile; fileRef = 3872C0EC2A5EC3A5002B9CFE /* Assets.xcassets */; };
		3872C0F02A5EC3A5002B9CFE /* LaunchScreen.storyboard in Resources */ = {isa = PBXBuildFile; fileRef = 3872C0EE2A5EC3A5002B9CFE /* LaunchScreen.storyboard */; };
		38910D672A606C8200F4705A /* TrainViewController.swift in Sources */ = {isa = PBXBuildFile; fileRef = 38910D662A606C8200F4705A /* TrainViewController.swift */; };
/* End PBXBuildFile section */

/* Begin PBXFileReference section */
		3872C0E02A5EC3A3002B9CFE /* MathTrainerApp.app */ = {isa = PBXFileReference; explicitFileType = wrapper.application; includeInIndex = 0; path = MathTrainerApp.app; sourceTree = BUILT_PRODUCTS_DIR; };
		3872C0E32A5EC3A3002B9CFE /* AppDelegate.swift */ = {isa = PBXFileReference; lastKnownFileType = sourcecode.swift; path = AppDelegate.swift; sourceTree = "<group>"; };
		3872C0E52A5EC3A3002B9CFE /* SceneDelegate.swift */ = {isa = PBXFileReference; lastKnownFileType = sourcecode.swift; path = SceneDelegate.swift; sourceTree = "<group>"; };
		3872C0E72A5EC3A3002B9CFE /* ViewController.swift */ = {isa = PBXFileReference; lastKnownFileType = sourcecode.swift; path = ViewController.swift; sourceTree = "<group>"; };
		3872C0EA2A5EC3A3002B9CFE /* Base */ = {isa = PBXFileReference; lastKnownFileType = file.storyboard; name = Base; path = Base.lproj/Main.storyboard; sourceTree = "<group>"; };
		3872C0EC2A5EC3A5002B9CFE /* Assets.xcassets */ = {isa = PBXFileReference; lastKnownFileType = folder.assetcatalog; path = Assets.xcassets; sourceTree = "<group>"; };
		3872C0EF2A5EC3A5002B9CFE /* Base */ = {isa = PBXFileReference; lastKnownFileType = file.storyboard; name = Base; path = Base.lproj/LaunchScreen.storyboard; sourceTree = "<group>"; };
		3872C0F12A5EC3A5002B9CFE /* Info.plist */ = {isa = PBXFileReference; lastKnownFileType = text.plist.xml; path = Info.plist; sourceTree = "<group>"; };
		38910D662A606C8200F4705A /* TrainViewController.swift */ = {isa = PBXFileReference; lastKnownFileType = sourcecode.swift; path = TrainViewController.swift; sourceTree = "<group>"; };
/* End PBXFileReference section */

/* Begin PBXFrameworksBuildPhase section */
		3872C0DD2A5EC3A3002B9CFE /* Frameworks */ = {
			isa = PBXFrameworksBuildPhase;
			buildActionMask = 2147483647;
			files = (
			);
			runOnlyForDeploymentPostprocessing = 0;
		};
/* End PBXFrameworksBuildPhase section */

/* Begin PBXGroup section */
		3872C0D72A5EC3A3002B9CFE = {
			isa = PBXGroup;
			children = (
				3872C0E22A5EC3A3002B9CFE /* MathTrainerApp */,
				3872C0E12A5EC3A3002B9CFE /* Products */,
			);
			sourceTree = "<group>";
		};
		3872C0E12A5EC3A3002B9CFE /* Products */ = {
			isa = PBXGroup;
			children = (
				3872C0E02A5EC3A3002B9CFE /* MathTrainerApp.app */,
			);
			name = Products;
			sourceTree = "<group>";
		};
		3872C0E22A5EC3A3002B9CFE /* MathTrainerApp */ = {
			isa = PBXGroup;
			children = (
				3872C0E32A5EC3A3002B9CFE /* AppDelegate.swift */,
				3872C0E52A5EC3A3002B9CFE /* SceneDelegate.swift */,
				3872C0E72A5EC3A3002B9CFE /* ViewController.swift */,
				38910D662A606C8200F4705A /* TrainViewController.swift */,
				3872C0E92A5EC3A3002B9CFE /* Main.storyboard */,
				3872C0EC2A5EC3A5002B9CFE /* Assets.xcassets */,
				3872C0EE2A5EC3A5002B9CFE /* LaunchScreen.storyboard */,
				3872C0F12A5EC3A5002B9CFE /* Info.plist */,
			);
			path = MathTrainerApp;
			sourceTree = "<group>";
		};
/* End PBXGroup section */

/* Begin PBXNativeTarget section */
		3872C0DF2A5EC3A3002B9CFE /* MathTrainerApp */ = {
			isa = PBXNativeTarget;
			buildConfigurationList = 3872C0F42A5EC3A5002B9CFE /* Build configuration list for PBXNativeTarget "MathTrainerApp" */;
			buildPhases = (
				3872C0DC2A5EC3A3002B9CFE /* Sources */,
				3872C0DD2A5EC3A3002B9CFE /* Frameworks */,
				3872C0DE2A5EC3A3002B9CFE /* Resources */,
			);
			buildRules = (
			);
			dependencies = (
			);
			name = MathTrainerApp;
			productName = MathTrainerApp;
			productReference = 3872C0E02A5EC3A3002B9CFE /* MathTrainerApp.app */;
			productType = "com.apple.product-type.application";
		};
/* End PBXNativeTarget section */

/* Begin PBXProject section */
		3872C0D82A5EC3A3002B9CFE /* Project object */ = {
			isa = PBXProject;
			attributes = {
				BuildIndependentTargetsInParallel = 1;
				LastSwiftUpdateCheck = 1420;
				LastUpgradeCheck = 1420;
				TargetAttributes = {
					3872C0DF2A5EC3A3002B9CFE = {
						CreatedOnToolsVersion = 14.2;
					};
				};
			};
			buildConfigurationList = 3872C0DB2A5EC3A3002B9CFE /* Build configuration list for PBXProject "MathTrainerApp" */;
			compatibilityVersion = "Xcode 14.0";
			developmentRegion = en;
			hasScannedForEncodings = 0;
			knownRegions = (
				en,
				Base,
			);
			mainGroup = 3872C0D72A5EC3A3002B9CFE;
			productRefGroup = 3872C0E12A5EC3A3002B9CFE /* Products */;
			projectDirPath = "";
			projectRoot = "";
			targets = (
				3872C0DF2A5EC3A3002B9CFE /* MathTrainerApp */,
			);
		};
/* End PBXProject section */

/* Begin PBXResourcesBuildPhase section */
		3872C0DE2A5EC3A3002B9CFE /* Resources */ = {
			isa = PBXResourcesBuildPhase;
			buildActionMask = 2147483647;
			files = (
				3872C0F02A5EC3A5002B9CFE /* LaunchScreen.storyboard in Resources */,
				3872C0ED2A5EC3A5002B9CFE /* Assets.xcassets in Resources */,
				3872C0EB2A5EC3A3002B9CFE /* Main.storyboard in Resources */,
			);
			runOnlyForDeploymentPostprocessing = 0;
		};
/* End PBXResourcesBuildPhase section */

/* Begin PBXSourcesBuildPhase section */
		3872C0DC2A5EC3A3002B9CFE /* Sources */ = {
			isa = PBXSourcesBuildPhase;
			buildActionMask = 2147483647;
			files = (
				3872C0E82A5EC3A3002B9CFE /* ViewController.swift in Sources */,
				38910D672A606C8200F4705A /* TrainViewController.swift in Sources */,
				3872C0E42A5EC3A3002B9CFE /* AppDelegate.swift in Sources */,
				3872C0E62A5EC3A3002B9CFE /* SceneDelegate.swift in Sources */,
			);
			runOnlyForDeploymentPostprocessing = 0;
		};
/* End PBXSourcesBuildPhase section */

/* Begin PBXVariantGroup section */
		3872C0E92A5EC3A3002B9CFE /* Main.storyboard */ = {
			isa = PBXVariantGroup;
			children = (
				3872C0EA2A5EC3A3002B9CFE /* Base */,
			);
			name = Main.storyboard;
			sourceTree = "<group>";
		};
		3872C0EE2A5EC3A5002B9CFE /* LaunchScreen.storyboard */ = {
			isa = PBXVariantGroup;
			children = (
				3872C0EF2A5EC3A5002B9CFE /* Base */,
			);
			name = LaunchScreen.storyboard;
			sourceTree = "<group>";
		};
/* End PBXVariantGroup section */

/* Begin XCBuildConfiguration section */
		3872C0F22A5EC3A5002B9CFE /* Debug */ = {
			isa = XCBuildConfiguration;
			buildSettings = {
				ALWAYS_SEARCH_USER_PATHS = NO;
				CLANG_ANALYZER_NONNULL = YES;
				CLANG_ANALYZER_NUMBER_OBJECT_CONVERSION = YES_AGGRESSIVE;
				CLANG_CXX_LANGUAGE_STANDARD = "gnu++20";
				CLANG_ENABLE_MODULES = YES;
				CLANG_ENABLE_OBJC_ARC = YES;
				CLANG_ENABLE_OBJC_WEAK = YES;
				CLANG_WARN_BLOCK_CAPTURE_AUTORELEASING = YES;
				CLANG_WARN_BOOL_CONVERSION = YES;
				CLANG_WARN_COMMA = YES;
				CLANG_WARN_CONSTANT_CONVERSION = YES;
				CLANG_WARN_DEPRECATED_OBJC_IMPLEMENTATIONS = YES;
				CLANG_WARN_DIRECT_OBJC_ISA_USAGE = YES_ERROR;
				CLANG_WARN_DOCUMENTATION_COMMENTS = YES;
				CLANG_WARN_EMPTY_BODY = YES;
				CLANG_WARN_ENUM_CONVERSION = YES;
				CLANG_WARN_INFINITE_RECURSION = YES;
				CLANG_WARN_INT_CONVERSION = YES;
				CLANG_WARN_NON_LITERAL_NULL_CONVERSION = YES;
				CLANG_WARN_OBJC_IMPLICIT_RETAIN_SELF = YES;
				CLANG_WARN_OBJC_LITERAL_CONVERSION = YES;
				CLANG_WARN_OBJC_ROOT_CLASS = YES_ERROR;
				CLANG_WARN_QUOTED_INCLUDE_IN_FRAMEWORK_HEADER = YES;
				CLANG_WARN_RANGE_LOOP_ANALYSIS = YES;
				CLANG_WARN_STRICT_PROTOTYPES = YES;
				CLANG_WARN_SUSPICIOUS_MOVE = YES;
				CLANG_WARN_UNGUARDED_AVAILABILITY = YES_AGGRESSIVE;
				CLANG_WARN_UNREACHABLE_CODE = YES;
				CLANG_WARN__DUPLICATE_METHOD_MATCH = YES;
				COPY_PHASE_STRIP = NO;
				DEBUG_INFORMATION_FORMAT = dwarf;
				ENABLE_STRICT_OBJC_MSGSEND = YES;
				ENABLE_TESTABILITY = YES;
				GCC_C_LANGUAGE_STANDARD = gnu11;
				GCC_DYNAMIC_NO_PIC = NO;
				GCC_NO_COMMON_BLOCKS = YES;
				GCC_OPTIMIZATION_LEVEL = 0;
				GCC_PREPROCESSOR_DEFINITIONS = (
					"DEBUG=1",
					"$(inherited)",
				);
				GCC_WARN_64_TO_32_BIT_CONVERSION = YES;
				GCC_WARN_ABOUT_RETURN_TYPE = YES_ERROR;
				GCC_WARN_UNDECLARED_SELECTOR = YES;
				GCC_WARN_UNINITIALIZED_AUTOS = YES_AGGRESSIVE;
				GCC_WARN_UNUSED_FUNCTION = YES;
				GCC_WARN_UNUSED_VARIABLE = YES;
				IPHONEOS_DEPLOYMENT_TARGET = 16.2;
				MTL_ENABLE_DEBUG_INFO = INCLUDE_SOURCE;
				MTL_FAST_MATH = YES;
				ONLY_ACTIVE_ARCH = YES;
				SDKROOT = iphoneos;
				SWIFT_ACTIVE_COMPILATION_CONDITIONS = DEBUG;
				SWIFT_OPTIMIZATION_LEVEL = "-Onone";
			};
			name = Debug;
		};
		3872C0F32A5EC3A5002B9CFE /* Release */ = {
			isa = XCBuildConfiguration;
			buildSettings = {
				ALWAYS_SEARCH_USER_PATHS = NO;
				CLANG_ANALYZER_NONNULL = YES;
				CLANG_ANALYZER_NUMBER_OBJECT_CONVERSION = YES_AGGRESSIVE;
				CLANG_CXX_LANGUAGE_STANDARD = "gnu++20";
				CLANG_ENABLE_MODULES = YES;
				CLANG_ENABLE_OBJC_ARC = YES;
				CLANG_ENABLE_OBJC_WEAK = YES;
				CLANG_WARN_BLOCK_CAPTURE_AUTORELEASING = YES;
				CLANG_WARN_BOOL_CONVERSION = YES;
				CLANG_WARN_COMMA = YES;
				CLANG_WARN_CONSTANT_CONVERSION = YES;
				CLANG_WARN_DEPRECATED_OBJC_IMPLEMENTATIONS = YES;
				CLANG_WARN_DIRECT_OBJC_ISA_USAGE = YES_ERROR;
				CLANG_WARN_DOCUMENTATION_COMMENTS = YES;
				CLANG_WARN_EMPTY_BODY = YES;
				CLANG_WARN_ENUM_CONVERSION = YES;
				CLANG_WARN_INFINITE_RECURSION = YES;
				CLANG_WARN_INT_CONVERSION = YES;
				CLANG_WARN_NON_LITERAL_NULL_CONVERSION = YES;
				CLANG_WARN_OBJC_IMPLICIT_RETAIN_SELF = YES;
				CLANG_WARN_OBJC_LITERAL_CONVERSION = YES;
				CLANG_WARN_OBJC_ROOT_CLASS = YES_ERROR;
				CLANG_WARN_QUOTED_INCLUDE_IN_FRAMEWORK_HEADER = YES;
				CLANG_WARN_RANGE_LOOP_ANALYSIS = YES;
				CLANG_WARN_STRICT_PROTOTYPES = YES;
				CLANG_WARN_SUSPICIOUS_MOVE = YES;
				CLANG_WARN_UNGUARDED_AVAILABILITY = YES_AGGRESSIVE;
				CLANG_WARN_UNREACHABLE_CODE = YES;
				CLANG_WARN__DUPLICATE_METHOD_MATCH = YES;
				COPY_PHASE_STRIP = NO;
				DEBUG_INFORMATION_FORMAT = "dwarf-with-dsym";
				ENABLE_NS_ASSERTIONS = NO;
				ENABLE_STRICT_OBJC_MSGSEND = YES;
				GCC_C_LANGUAGE_STANDARD = gnu11;
				GCC_NO_COMMON_BLOCKS = YES;
				GCC_WARN_64_TO_32_BIT_CONVERSION = YES;
				GCC_WARN_ABOUT_RETURN_TYPE = YES_ERROR;
				GCC_WARN_UNDECLARED_SELECTOR = YES;
				GCC_WARN_UNINITIALIZED_AUTOS = YES_AGGRESSIVE;
				GCC_WARN_UNUSED_FUNCTION = YES;
				GCC_WARN_UNUSED_VARIABLE = YES;
				IPHONEOS_DEPLOYMENT_TARGET = 16.2;
				MTL_ENABLE_DEBUG_INFO = NO;
				MTL_FAST_MATH = YES;
				SDKROOT = iphoneos;
				SWIFT_COMPILATION_MODE = wholemodule;
				SWIFT_OPTIMIZATION_LEVEL = "-O";
				VALIDATE_PRODUCT = YES;
			};
			name = Release;
		};
		3872C0F52A5EC3A5002B9CFE /* Debug */ = {
			isa = XCBuildConfiguration;
			buildSettings = {
				ASSETCATALOG_COMPILER_APPICON_NAME = AppIcon;
				ASSETCATALOG_COMPILER_GLOBAL_ACCENT_COLOR_NAME = AccentColor;
				CODE_SIGN_STYLE = Automatic;
				CURRENT_PROJECT_VERSION = 1;
				DEVELOPMENT_TEAM = 78MXTDCU24;
				GENERATE_INFOPLIST_FILE = YES;
				INFOPLIST_FILE = MathTrainerApp/Info.plist;
				INFOPLIST_KEY_UIApplicationSupportsIndirectInputEvents = YES;
				INFOPLIST_KEY_UILaunchStoryboardName = LaunchScreen;
				INFOPLIST_KEY_UIMainStoryboardFile = Main;
				INFOPLIST_KEY_UISupportedInterfaceOrientations = UIInterfaceOrientationPortrait;
				LD_RUNPATH_SEARCH_PATHS = (
					"$(inherited)",
					"@executable_path/Frameworks",
				);
				MARKETING_VERSION = 1.0;
				PRODUCT_BUNDLE_IDENTIFIER = mycompany.com.MathTrainerApp;
				PRODUCT_NAME = "$(TARGET_NAME)";
				SWIFT_EMIT_LOC_STRINGS = YES;
				SWIFT_VERSION = 5.0;
				TARGETED_DEVICE_FAMILY = "1,2";
			};
			name = Debug;
		};
		3872C0F62A5EC3A5002B9CFE /* Release */ = {
			isa = XCBuildConfiguration;
			buildSettings = {
				ASSETCATALOG_COMPILER_APPICON_NAME = AppIcon;
				ASSETCATALOG_COMPILER_GLOBAL_ACCENT_COLOR_NAME = AccentColor;
				CODE_SIGN_STYLE = Automatic;
				CURRENT_PROJECT_VERSION = 1;
				DEVELOPMENT_TEAM = 78MXTDCU24;
				GENERATE_INFOPLIST_FILE = YES;
				INFOPLIST_FILE = MathTrainerApp/Info.plist;
				INFOPLIST_KEY_UIApplicationSupportsIndirectInputEvents = YES;
				INFOPLIST_KEY_UILaunchStoryboardName = LaunchScreen;
				INFOPLIST_KEY_UIMainStoryboardFile = Main;
				INFOPLIST_KEY_UISupportedInterfaceOrientations = UIInterfaceOrientationPortrait;
				LD_RUNPATH_SEARCH_PATHS = (
					"$(inherited)",
					"@executable_path/Frameworks",
				);
				MARKETING_VERSION = 1.0;
				PRODUCT_BUNDLE_IDENTIFIER = mycompany.com.MathTrainerApp;
				PRODUCT_NAME = "$(TARGET_NAME)";
				SWIFT_EMIT_LOC_STRINGS = YES;
				SWIFT_VERSION = 5.0;
				TARGETED_DEVICE_FAMILY = "1,2";
			};
			name = Release;
		};
/* End XCBuildConfiguration section */

/* Begin XCConfigurationList section */
		3872C0DB2A5EC3A3002B9CFE /* Build configuration list for PBXProject "MathTrainerApp" */ = {
			isa = XCConfigurationList;
			buildConfigurations = (
				3872C0F22A5EC3A5002B9CFE /* Debug */,
				3872C0F32A5EC3A5002B9CFE /* Release */,
			);
			defaultConfigurationIsVisible = 0;
			defaultConfigurationName = Release;
		};
		3872C0F42A5EC3A5002B9CFE /* Build configuration list for PBXNativeTarget "MathTrainerApp" */ = {
			isa = XCConfigurationList;
			buildConfigurations = (
				3872C0F52A5EC3A5002B9CFE /* Debug */,
				3872C0F62A5EC3A5002B9CFE /* Release */,
			);
			defaultConfigurationIsVisible = 0;
			defaultConfigurationName = Release;
		};
/* End XCConfigurationList section */
	};
	rootObject = 3872C0D82A5EC3A3002B9CFE /* Project object */;
}
